{
  "name": "Thehacktrical-2",
  "lockfileVersion": 2,
  "requires": true,
  "packages": {
    "": {
      "dependencies": {
        "chrome-types": "^0.1.152"
      }
    },
    "node_modules/chrome-types": {
      "version": "0.1.152",
      "resolved": "https://registry.npmjs.org/chrome-types/-/chrome-types-0.1.152.tgz",
      "integrity": "sha512-rweFga+0oN/lgvxVVq5arOQqHVbjHJFkeqqs2eH6DF2dP6roXtVDNooiwkwnuQ8pkDT06rmYHhXWdISJaEcP5A=="
    }
  },
  "dependencies": {
    "chrome-types": {
      "version": "0.1.152",
      "resolved": "https://registry.npmjs.org/chrome-types/-/chrome-types-0.1.152.tgz",
      "integrity": "sha512-rweFga+0oN/lgvxVVq5arOQqHVbjHJFkeqqs2eH6DF2dP6roXtVDNooiwkwnuQ8pkDT06rmYHhXWdISJaEcP5A=="
    }
  }
}
